
Microsoft Visual Studio Solution File, Format Version 12.00
# Visual Studio Version 17
VisualStudioVersion = 17.13.35825.156 d17.13
MinimumVisualStudioVersion = 10.0.40219.1
Project("{FAE04EC0-301F-11D3-BF4B-00C04F79EFBC}") = "Producer", "Producer\Producer.csproj", "{8B54C548-0F5C-475D-851C-C3E9BE887F58}"
EndProject
Project("{FAE04EC0-301F-11D3-BF4B-00C04F79EFBC}") = "Subscriber", "Subscriber\Subscriber.csproj", "{19C930EF-3DC3-4DA4-A2B0-E855A2830B32}"
EndProject
Global
	GlobalSection(SolutionConfigurationPlatforms) = preSolution
		Debug|Any CPU = Debug|Any CPU
		Release|Any CPU = Release|Any CPU
	EndGlobalSection
	GlobalSection(ProjectConfigurationPlatforms) = postSolution
		{8B54C548-0F5C-475D-851C-C3E9BE887F58}.Debug|Any CPU.ActiveCfg = Debug|Any CPU
		{8B54C548-0F5C-475D-851C-C3E9BE887F58}.Debug|Any CPU.Build.0 = Debug|Any CPU
		{8B54C548-0F5C-475D-851C-C3E9BE887F58}.Release|Any CPU.ActiveCfg = Release|Any CPU
		{8B54C548-0F5C-475D-851C-C3E9BE887F58}.Release|Any CPU.Build.0 = Release|Any CPU
		{19C930EF-3DC3-4DA4-A2B0-E855A2830B32}.Debug|Any CPU.ActiveCfg = Debug|Any CPU
		{19C930EF-3DC3-4DA4-A2B0-E855A2830B32}.Debug|Any CPU.Build.0 = Debug|Any CPU
		{19C930EF-3DC3-4DA4-A2B0-E855A2830B32}.Release|Any CPU.ActiveCfg = Release|Any CPU
		{19C930EF-3DC3-4DA4-A2B0-E855A2830B32}.Release|Any CPU.Build.0 = Release|Any CPU
	EndGlobalSection
	GlobalSection(SolutionProperties) = preSolution
		HideSolutionNode = FALSE
	EndGlobalSection
	GlobalSection(ExtensibilityGlobals) = postSolution
		SolutionGuid = {F1C7382D-35F9-4F81-86DE-69FAC62C02F0}
	EndGlobalSection
EndGlobal
